
Microsoft Visual Studio Solution File, Format Version 12.00
# Visual Studio Version 16
VisualStudioVersion = 16.0.30413.136
MinimumVisualStudioVersion = 10.0.40219.1
Project("{FAE04EC0-301F-11D3-BF4B-00C04F79EFBC}") = "BlurForm", "BlurForm\BlurForm.csproj", "{505A87F1-F9C7-4140-963B-CFE433436415}"
EndProject
Global
	GlobalSection(SolutionConfigurationPlatforms) = preSolution
		Debug|Any CPU = Debug|Any CPU
		Release|Any CPU = Release|Any CPU
	EndGlobalSection
	GlobalSection(ProjectConfigurationPlatforms) = postSolution
		{505A87F1-F9C7-4140-963B-CFE433436415}.Debug|Any CPU.ActiveCfg = Debug|Any CPU
		{505A87F1-F9C7-4140-963B-CFE433436415}.Debug|Any CPU.Build.0 = Debug|Any CPU
		{505A87F1-F9C7-4140-963B-CFE433436415}.Release|Any CPU.ActiveCfg = Release|Any CPU
		{505A87F1-F9C7-4140-963B-CFE433436415}.Release|Any CPU.Build.0 = Release|Any CPU
	EndGlobalSection
	GlobalSection(SolutionProperties) = preSolution
		HideSolutionNode = FALSE
	EndGlobalSection
	GlobalSection(ExtensibilityGlobals) = postSolution
		SolutionGuid = {18A45C2F-4298-4B6F-9E57-AA0A6B96E972}
	EndGlobalSection
EndGlobal
